// !$*UTF8*$!
{
	archiveVersion = 1;
	classes = {
	};
	objectVersion = 50;
	objects = {

/* Begin PBXBuildFile section */
		8D11C153236A1947006BAC83 /* TweetsViewModel.swift in Sources */ = {isa = PBXBuildFile; fileRef = 8D11C152236A1947006BAC83 /* TweetsViewModel.swift */; };
		8DC3C4A823465D7A00C359EC /* AppDelegate.swift in Sources */ = {isa = PBXBuildFile; fileRef = 8DC3C4A723465D7A00C359EC /* AppDelegate.swift */; };
		8DC3C4AA23465D7A00C359EC /* SceneDelegate.swift in Sources */ = {isa = PBXBuildFile; fileRef = 8DC3C4A923465D7A00C359EC /* SceneDelegate.swift */; };
		8DC3C4AD23465D7A00C359EC /* SportsNews.xcdatamodeld in Sources */ = {isa = PBXBuildFile; fileRef = 8DC3C4AB23465D7A00C359EC /* SportsNews.xcdatamodeld */; };
		8DC3C4AF23465D7A00C359EC /* ContentView.swift in Sources */ = {isa = PBXBuildFile; fileRef = 8DC3C4AE23465D7A00C359EC /* ContentView.swift */; };
		8DC3C4B123465D7B00C359EC /* Assets.xcassets in Resources */ = {isa = PBXBuildFile; fileRef = 8DC3C4B023465D7B00C359EC /* Assets.xcassets */; };
		8DC3C4B423465D7B00C359EC /* Preview Assets.xcassets in Resources */ = {isa = PBXBuildFile; fileRef = 8DC3C4B323465D7B00C359EC /* Preview Assets.xcassets */; };
		8DC3C4B723465D7B00C359EC /* LaunchScreen.storyboard in Resources */ = {isa = PBXBuildFile; fileRef = 8DC3C4B523465D7B00C359EC /* LaunchScreen.storyboard */; };
		8DC3C4C223465D7B00C359EC /* SportsNewsTests.swift in Sources */ = {isa = PBXBuildFile; fileRef = 8DC3C4C123465D7B00C359EC /* SportsNewsTests.swift */; };
		8DC3C4CD23465D7C00C359EC /* SportsNewsUITests.swift in Sources */ = {isa = PBXBuildFile; fileRef = 8DC3C4CC23465D7C00C359EC /* SportsNewsUITests.swift */; };
		8DC3C4DC23465F7000C359EC /* Tweets.swift in Sources */ = {isa = PBXBuildFile; fileRef = 8DC3C4DB23465F7000C359EC /* Tweets.swift */; };
		8DC3C4DE2346618000C359EC /* TweetsManager.swift in Sources */ = {isa = PBXBuildFile; fileRef = 8DC3C4DD2346618000C359EC /* TweetsManager.swift */; };
/* End PBXBuildFile section */

/* Begin PBXContainerItemProxy section */
		8DC3C4BE23465D7B00C359EC /* PBXContainerItemProxy */ = {
			isa = PBXContainerItemProxy;
			containerPortal = 8DC3C49C23465D7A00C359EC /* Project object */;
			proxyType = 1;
			remoteGlobalIDString = 8DC3C4A323465D7A00C359EC;
			remoteInfo = SportsNews;
		};
		8DC3C4C923465D7C00C359EC /* PBXContainerItemProxy */ = {
			isa = PBXContainerItemProxy;
			containerPortal = 8DC3C49C23465D7A00C359EC /* Project object */;
			proxyType = 1;
			remoteGlobalIDString = 8DC3C4A323465D7A00C359EC;
			remoteInfo = SportsNews;
		};
/* End PBXContainerItemProxy section */

/* Begin PBXFileReference section */
		8D11C152236A1947006BAC83 /* TweetsViewModel.swift */ = {isa = PBXFileReference; lastKnownFileType = sourcecode.swift; path = TweetsViewModel.swift; sourceTree = "<group>"; };
		8DC3C4A423465D7A00C359EC /* SportsNews.app */ = {isa = PBXFileReference; explicitFileType = wrapper.application; includeInIndex = 0; path = SportsNews.app; sourceTree = BUILT_PRODUCTS_DIR; };
		8DC3C4A723465D7A00C359EC /* AppDelegate.swift */ = {isa = PBXFileReference; lastKnownFileType = sourcecode.swift; path = AppDelegate.swift; sourceTree = "<group>"; };
		8DC3C4A923465D7A00C359EC /* SceneDelegate.swift */ = {isa = PBXFileReference; lastKnownFileType = sourcecode.swift; path = SceneDelegate.swift; sourceTree = "<group>"; };
		8DC3C4AC23465D7A00C359EC /* SportsNews.xcdatamodel */ = {isa = PBXFileReference; lastKnownFileType = wrapper.xcdatamodel; path = SportsNews.xcdatamodel; sourceTree = "<group>"; };
		8DC3C4AE23465D7A00C359EC /* ContentView.swift */ = {isa = PBXFileReference; lastKnownFileType = sourcecode.swift; path = ContentView.swift; sourceTree = "<group>"; };
		8DC3C4B023465D7B00C359EC /* Assets.xcassets */ = {isa = PBXFileReference; lastKnownFileType = folder.assetcatalog; path = Assets.xcassets; sourceTree = "<group>"; };
		8DC3C4B323465D7B00C359EC /* Preview Assets.xcassets */ = {isa = PBXFileReference; lastKnownFileType = folder.assetcatalog; path = "Preview Assets.xcassets"; sourceTree = "<group>"; };
		8DC3C4B623465D7B00C359EC /* Base */ = {isa = PBXFileReference; lastKnownFileType = file.storyboard; name = Base; path = Base.lproj/LaunchScreen.storyboard; sourceTree = "<group>"; };
		8DC3C4B823465D7B00C359EC /* Info.plist */ = {isa = PBXFileReference; lastKnownFileType = text.plist.xml; path = Info.plist; sourceTree = "<group>"; };
		8DC3C4BD23465D7B00C359EC /* SportsNewsTests.xctest */ = {isa = PBXFileReference; explicitFileType = wrapper.cfbundle; includeInIndex = 0; path = SportsNewsTests.xctest; sourceTree = BUILT_PRODUCTS_DIR; };
		8DC3C4C123465D7B00C359EC /* SportsNewsTests.swift */ = {isa = PBXFileReference; lastKnownFileType = sourcecode.swift; path = SportsNewsTests.swift; sourceTree = "<group>"; };
		8DC3C4C323465D7B00C359EC /* Info.plist */ = {isa = PBXFileReference; lastKnownFileType = text.plist.xml; path = Info.plist; sourceTree = "<group>"; };
		8DC3C4C823465D7C00C359EC /* SportsNewsUITests.xctest */ = {isa = PBXFileReference; explicitFileType = wrapper.cfbundle; includeInIndex = 0; path = SportsNewsUITests.xctest; sourceTree = BUILT_PRODUCTS_DIR; };
		8DC3C4CC23465D7C00C359EC /* SportsNewsUITests.swift */ = {isa = PBXFileReference; lastKnownFileType = sourcecode.swift; path = SportsNewsUITests.swift; sourceTree = "<group>"; };
		8DC3C4CE23465D7C00C359EC /* Info.plist */ = {isa = PBXFileReference; lastKnownFileType = text.plist.xml; path = Info.plist; sourceTree = "<group>"; };
		8DC3C4DB23465F7000C359EC /* Tweets.swift */ = {isa = PBXFileReference; lastKnownFileType = sourcecode.swift; path = Tweets.swift; sourceTree = "<group>"; };
		8DC3C4DD2346618000C359EC /* TweetsManager.swift */ = {isa = PBXFileReference; lastKnownFileType = sourcecode.swift; path = TweetsManager.swift; sourceTree = "<group>"; };
/* End PBXFileReference section */

/* Begin PBXFrameworksBuildPhase section */
		8DC3C4A123465D7A00C359EC /* Frameworks */ = {
			isa = PBXFrameworksBuildPhase;
			buildActionMask = 2147483647;
			files = (
			);
			runOnlyForDeploymentPostprocessing = 0;
		};
		8DC3C4BA23465D7B00C359EC /* Frameworks */ = {
			isa = PBXFrameworksBuildPhase;
			buildActionMask = 2147483647;
			files = (
			);
			runOnlyForDeploymentPostprocessing = 0;
		};
		8DC3C4C523465D7C00C359EC /* Frameworks */ = {
			isa = PBXFrameworksBuildPhase;
			buildActionMask = 2147483647;
			files = (
			);
			runOnlyForDeploymentPostprocessing = 0;
		};
/* End PBXFrameworksBuildPhase section */

/* Begin PBXGroup section */
		8D1B85ED236A6130003229AF /* Tweets */ = {
			isa = PBXGroup;
			children = (
				8DC3C4DB23465F7000C359EC /* Tweets.swift */,
				8DC3C4DD2346618000C359EC /* TweetsManager.swift */,
				8D11C152236A1947006BAC83 /* TweetsViewModel.swift */,
			);
			path = Tweets;
			sourceTree = "<group>";
		};
		8DC3C49B23465D7A00C359EC = {
			isa = PBXGroup;
			children = (
				8DC3C4A623465D7A00C359EC /* SportsNews */,
				8DC3C4C023465D7B00C359EC /* SportsNewsTests */,
				8DC3C4CB23465D7C00C359EC /* SportsNewsUITests */,
				8DC3C4A523465D7A00C359EC /* Products */,
			);
			sourceTree = "<group>";
		};
		8DC3C4A523465D7A00C359EC /* Products */ = {
			isa = PBXGroup;
			children = (
				8DC3C4A423465D7A00C359EC /* SportsNews.app */,
				8DC3C4BD23465D7B00C359EC /* SportsNewsTests.xctest */,
				8DC3C4C823465D7C00C359EC /* SportsNewsUITests.xctest */,
			);
			name = Products;
			sourceTree = "<group>";
		};
		8DC3C4A623465D7A00C359EC /* SportsNews */ = {
			isa = PBXGroup;
			children = (
				8D1B85ED236A6130003229AF /* Tweets */,
				8DC3C4A723465D7A00C359EC /* AppDelegate.swift */,
				8DC3C4A923465D7A00C359EC /* SceneDelegate.swift */,
				8DC3C4AE23465D7A00C359EC /* ContentView.swift */,
				8DC3C4B023465D7B00C359EC /* Assets.xcassets */,
				8DC3C4B523465D7B00C359EC /* LaunchScreen.storyboard */,
				8DC3C4B823465D7B00C359EC /* Info.plist */,
				8DC3C4AB23465D7A00C359EC /* SportsNews.xcdatamodeld */,
				8DC3C4B223465D7B00C359EC /* Preview Content */,
			);
			path = SportsNews;
			sourceTree = "<group>";
		};
		8DC3C4B223465D7B00C359EC /* Preview Content */ = {
			isa = PBXGroup;
			children = (
				8DC3C4B323465D7B00C359EC /* Preview Assets.xcassets */,
			);
			path = "Preview Content";
			sourceTree = "<group>";
		};
		8DC3C4C023465D7B00C359EC /* SportsNewsTests */ = {
			isa = PBXGroup;
			children = (
				8DC3C4C123465D7B00C359EC /* SportsNewsTests.swift */,
				8DC3C4C323465D7B00C359EC /* Info.plist */,
			);
			path = SportsNewsTests;
			sourceTree = "<group>";
		};
		8DC3C4CB23465D7C00C359EC /* SportsNewsUITests */ = {
			isa = PBXGroup;
			children = (
				8DC3C4CC23465D7C00C359EC /* SportsNewsUITests.swift */,
				8DC3C4CE23465D7C00C359EC /* Info.plist */,
			);
			path = SportsNewsUITests;
			sourceTree = "<group>";
		};
/* End PBXGroup section */

/* Begin PBXNativeTarget section */
		8DC3C4A323465D7A00C359EC /* SportsNews */ = {
			isa = PBXNativeTarget;
			buildConfigurationList = 8DC3C4D123465D7C00C359EC /* Build configuration list for PBXNativeTarget "SportsNews" */;
			buildPhases = (
				8DC3C4A023465D7A00C359EC /* Sources */,
				8DC3C4A123465D7A00C359EC /* Frameworks */,
				8DC3C4A223465D7A00C359EC /* Resources */,
			);
			buildRules = (
			);
			dependencies = (
			);
			name = SportsNews;
			productName = SportsNews;
			productReference = 8DC3C4A423465D7A00C359EC /* SportsNews.app */;
			productType = "com.apple.product-type.application";
		};
		8DC3C4BC23465D7B00C359EC /* SportsNewsTests */ = {
			isa = PBXNativeTarget;
			buildConfigurationList = 8DC3C4D423465D7C00C359EC /* Build configuration list for PBXNativeTarget "SportsNewsTests" */;
			buildPhases = (
				8DC3C4B923465D7B00C359EC /* Sources */,
				8DC3C4BA23465D7B00C359EC /* Frameworks */,
				8DC3C4BB23465D7B00C359EC /* Resources */,
			);
			buildRules = (
			);
			dependencies = (
				8DC3C4BF23465D7B00C359EC /* PBXTargetDependency */,
			);
			name = SportsNewsTests;
			productName = SportsNewsTests;
			productReference = 8DC3C4BD23465D7B00C359EC /* SportsNewsTests.xctest */;
			productType = "com.apple.product-type.bundle.unit-test";
		};
		8DC3C4C723465D7C00C359EC /* SportsNewsUITests */ = {
			isa = PBXNativeTarget;
			buildConfigurationList = 8DC3C4D723465D7C00C359EC /* Build configuration list for PBXNativeTarget "SportsNewsUITests" */;
			buildPhases = (
				8DC3C4C423465D7C00C359EC /* Sources */,
				8DC3C4C523465D7C00C359EC /* Frameworks */,
				8DC3C4C623465D7C00C359EC /* Resources */,
			);
			buildRules = (
			);
			dependencies = (
				8DC3C4CA23465D7C00C359EC /* PBXTargetDependency */,
			);
			name = SportsNewsUITests;
			productName = SportsNewsUITests;
			productReference = 8DC3C4C823465D7C00C359EC /* SportsNewsUITests.xctest */;
			productType = "com.apple.product-type.bundle.ui-testing";
		};
/* End PBXNativeTarget section */

/* Begin PBXProject section */
		8DC3C49C23465D7A00C359EC /* Project object */ = {
			isa = PBXProject;
			attributes = {
				LastSwiftUpdateCheck = 1100;
				LastUpgradeCheck = 1100;
				ORGANIZATIONNAME = "James Militante";
				TargetAttributes = {
					8DC3C4A323465D7A00C359EC = {
						CreatedOnToolsVersion = 11.0;
					};
					8DC3C4BC23465D7B00C359EC = {
						CreatedOnToolsVersion = 11.0;
						TestTargetID = 8DC3C4A323465D7A00C359EC;
					};
					8DC3C4C723465D7C00C359EC = {
						CreatedOnToolsVersion = 11.0;
						TestTargetID = 8DC3C4A323465D7A00C359EC;
					};
				};
			};
			buildConfigurationList = 8DC3C49F23465D7A00C359EC /* Build configuration list for PBXProject "SportsNews" */;
			compatibilityVersion = "Xcode 9.3";
			developmentRegion = en;
			hasScannedForEncodings = 0;
			knownRegions = (
				en,
				Base,
			);
			mainGroup = 8DC3C49B23465D7A00C359EC;
			productRefGroup = 8DC3C4A523465D7A00C359EC /* Products */;
			projectDirPath = "";
			projectRoot = "";
			targets = (
				8DC3C4A323465D7A00C359EC /* SportsNews */,
				8DC3C4BC23465D7B00C359EC /* SportsNewsTests */,
				8DC3C4C723465D7C00C359EC /* SportsNewsUITests */,
			);
		};
/* End PBXProject section */

/* Begin PBXResourcesBuildPhase section */
		8DC3C4A223465D7A00C359EC /* Resources */ = {
			isa = PBXResourcesBuildPhase;
			buildActionMask = 2147483647;
			files = (
				8DC3C4B723465D7B00C359EC /* LaunchScreen.storyboard in Resources */,
				8DC3C4B423465D7B00C359EC /* Preview Assets.xcassets in Resources */,
				8DC3C4B123465D7B00C359EC /* Assets.xcassets in Resources */,
			);
			runOnlyForDeploymentPostprocessing = 0;
		};
		8DC3C4BB23465D7B00C359EC /* Resources */ = {
			isa = PBXResourcesBuildPhase;
			buildActionMask = 2147483647;
			files = (
			);
			runOnlyForDeploymentPostprocessing = 0;
		};
		8DC3C4C623465D7C00C359EC /* Resources */ = {
			isa = PBXResourcesBuildPhase;
			buildActionMask = 2147483647;
			files = (
			);
			runOnlyForDeploymentPostprocessing = 0;
		};
/* End PBXResourcesBuildPhase section */

/* Begin PBXSourcesBuildPhase section */
		8DC3C4A023465D7A00C359EC /* Sources */ = {
			isa = PBXSourcesBuildPhase;
			buildActionMask = 2147483647;
			files = (
				8DC3C4AD23465D7A00C359EC /* SportsNews.xcdatamodeld in Sources */,
				8DC3C4A823465D7A00C359EC /* AppDelegate.swift in Sources */,
				8DC3C4AF23465D7A00C359EC /* ContentView.swift in Sources */,
				8DC3C4DE2346618000C359EC /* TweetsManager.swift in Sources */,
				8DC3C4AA23465D7A00C359EC /* SceneDelegate.swift in Sources */,
				8DC3C4DC23465F7000C359EC /* Tweets.swift in Sources */,
				8D11C153236A1947006BAC83 /* TweetsViewModel.swift in Sources */,
			);
			runOnlyForDeploymentPostprocessing = 0;
		};
		8DC3C4B923465D7B00C359EC /* Sources */ = {
			isa = PBXSourcesBuildPhase;
			buildActionMask = 2147483647;
			files = (
				8DC3C4C223465D7B00C359EC /* SportsNewsTests.swift in Sources */,
			);
			runOnlyForDeploymentPostprocessing = 0;
		};
		8DC3C4C423465D7C00C359EC /* Sources */ = {
			isa = PBXSourcesBuildPhase;
			buildActionMask = 2147483647;
			files = (
				8DC3C4CD23465D7C00C359EC /* SportsNewsUITests.swift in Sources */,
			);
			runOnlyForDeploymentPostprocessing = 0;
		};
/* End PBXSourcesBuildPhase section */

/* Begin PBXTargetDependency section */
		8DC3C4BF23465D7B00C359EC /* PBXTargetDependency */ = {
			isa = PBXTargetDependency;
			target = 8DC3C4A323465D7A00C359EC /* SportsNews */;
			targetProxy = 8DC3C4BE23465D7B00C359EC /* PBXContainerItemProxy */;
		};
		8DC3C4CA23465D7C00C359EC /* PBXTargetDependency */ = {
			isa = PBXTargetDependency;
			target = 8DC3C4A323465D7A00C359EC /* SportsNews */;
			targetProxy = 8DC3C4C923465D7C00C359EC /* PBXContainerItemProxy */;
		};
/* End PBXTargetDependency section */

/* Begin PBXVariantGroup section */
		8DC3C4B523465D7B00C359EC /* LaunchScreen.storyboard */ = {
			isa = PBXVariantGroup;
			children = (
				8DC3C4B623465D7B00C359EC /* Base */,
			);
			name = LaunchScreen.storyboard;
			sourceTree = "<group>";
		};
/* End PBXVariantGroup section */

/* Begin XCBuildConfiguration section */
		8DC3C4CF23465D7C00C359EC /* Debug */ = {
			isa = XCBuildConfiguration;
			buildSettings = {
				ALWAYS_SEARCH_USER_PATHS = NO;
				CLANG_ANALYZER_NONNULL = YES;
				CLANG_ANALYZER_NUMBER_OBJECT_CONVERSION = YES_AGGRESSIVE;
				CLANG_CXX_LANGUAGE_STANDARD = "gnu++14";
				CLANG_CXX_LIBRARY = "libc++";
				CLANG_ENABLE_MODULES = YES;
				CLANG_ENABLE_OBJC_ARC = YES;
				CLANG_ENABLE_OBJC_WEAK = YES;
				CLANG_WARN_BLOCK_CAPTURE_AUTORELEASING = YES;
				CLANG_WARN_BOOL_CONVERSION = YES;
				CLANG_WARN_COMMA = YES;
				CLANG_WARN_CONSTANT_CONVERSION = YES;
				CLANG_WARN_DEPRECATED_OBJC_IMPLEMENTATIONS = YES;
				CLANG_WARN_DIRECT_OBJC_ISA_USAGE = YES_ERROR;
				CLANG_WARN_DOCUMENTATION_COMMENTS = YES;
				CLANG_WARN_EMPTY_BODY = YES;
				CLANG_WARN_ENUM_CONVERSION = YES;
				CLANG_WARN_INFINITE_RECURSION = YES;
				CLANG_WARN_INT_CONVERSION = YES;
				CLANG_WARN_NON_LITERAL_NULL_CONVERSION = YES;
				CLANG_WARN_OBJC_IMPLICIT_RETAIN_SELF = YES;
				CLANG_WARN_OBJC_LITERAL_CONVERSION = YES;
				CLANG_WARN_OBJC_ROOT_CLASS = YES_ERROR;
				CLANG_WARN_RANGE_LOOP_ANALYSIS = YES;
				CLANG_WARN_STRICT_PROTOTYPES = YES;
				CLANG_WARN_SUSPICIOUS_MOVE = YES;
				CLANG_WARN_UNGUARDED_AVAILABILITY = YES_AGGRESSIVE;
				CLANG_WARN_UNREACHABLE_CODE = YES;
				CLANG_WARN__DUPLICATE_METHOD_MATCH = YES;
				COPY_PHASE_STRIP = NO;
				DEBUG_INFORMATION_FORMAT = dwarf;
				ENABLE_STRICT_OBJC_MSGSEND = YES;
				ENABLE_TESTABILITY = YES;
				GCC_C_LANGUAGE_STANDARD = gnu11;
				GCC_DYNAMIC_NO_PIC = NO;
				GCC_NO_COMMON_BLOCKS = YES;
				GCC_OPTIMIZATION_LEVEL = 0;
				GCC_PREPROCESSOR_DEFINITIONS = (
					"DEBUG=1",
					"$(inherited)",
				);
				GCC_WARN_64_TO_32_BIT_CONVERSION = YES;
				GCC_WARN_ABOUT_RETURN_TYPE = YES_ERROR;
				GCC_WARN_UNDECLARED_SELECTOR = YES;
				GCC_WARN_UNINITIALIZED_AUTOS = YES_AGGRESSIVE;
				GCC_WARN_UNUSED_FUNCTION = YES;
				GCC_WARN_UNUSED_VARIABLE = YES;
				IPHONEOS_DEPLOYMENT_TARGET = 13.0;
				MTL_ENABLE_DEBUG_INFO = INCLUDE_SOURCE;
				MTL_FAST_MATH = YES;
				ONLY_ACTIVE_ARCH = YES;
				SDKROOT = iphoneos;
				SWIFT_ACTIVE_COMPILATION_CONDITIONS = DEBUG;
				SWIFT_OPTIMIZATION_LEVEL = "-Onone";
			};
			name = Debug;
		};
		8DC3C4D023465D7C00C359EC /* Release */ = {
			isa = XCBuildConfiguration;
			buildSettings = {
				ALWAYS_SEARCH_USER_PATHS = NO;
				CLANG_ANALYZER_NONNULL = YES;
				CLANG_ANALYZER_NUMBER_OBJECT_CONVERSION = YES_AGGRESSIVE;
				CLANG_CXX_LANGUAGE_STANDARD = "gnu++14";
				CLANG_CXX_LIBRARY = "libc++";
				CLANG_ENABLE_MODULES = YES;
				CLANG_ENABLE_OBJC_ARC = YES;
				CLANG_ENABLE_OBJC_WEAK = YES;
				CLANG_WARN_BLOCK_CAPTURE_AUTORELEASING = YES;
				CLANG_WARN_BOOL_CONVERSION = YES;
				CLANG_WARN_COMMA = YES;
				CLANG_WARN_CONSTANT_CONVERSION = YES;
				CLANG_WARN_DEPRECATED_OBJC_IMPLEMENTATIONS = YES;
				CLANG_WARN_DIRECT_OBJC_ISA_USAGE = YES_ERROR;
				CLANG_WARN_DOCUMENTATION_COMMENTS = YES;
				CLANG_WARN_EMPTY_BODY = YES;
				CLANG_WARN_ENUM_CONVERSION = YES;
				CLANG_WARN_INFINITE_RECURSION = YES;
				CLANG_WARN_INT_CONVERSION = YES;
				CLANG_WARN_NON_LITERAL_NULL_CONVERSION = YES;
				CLANG_WARN_OBJC_IMPLICIT_RETAIN_SELF = YES;
				CLANG_WARN_OBJC_LITERAL_CONVERSION = YES;
				CLANG_WARN_OBJC_ROOT_CLASS = YES_ERROR;
				CLANG_WARN_RANGE_LOOP_ANALYSIS = YES;
				CLANG_WARN_STRICT_PROTOTYPES = YES;
				CLANG_WARN_SUSPICIOUS_MOVE = YES;
				CLANG_WARN_UNGUARDED_AVAILABILITY = YES_AGGRESSIVE;
				CLANG_WARN_UNREACHABLE_CODE = YES;
				CLANG_WARN__DUPLICATE_METHOD_MATCH = YES;
				COPY_PHASE_STRIP = NO;
				DEBUG_INFORMATION_FORMAT = "dwarf-with-dsym";
				ENABLE_NS_ASSERTIONS = NO;
				ENABLE_STRICT_OBJC_MSGSEND = YES;
				GCC_C_LANGUAGE_STANDARD = gnu11;
				GCC_NO_COMMON_BLOCKS = YES;
				GCC_WARN_64_TO_32_BIT_CONVERSION = YES;
				GCC_WARN_ABOUT_RETURN_TYPE = YES_ERROR;
				GCC_WARN_UNDECLARED_SELECTOR = YES;
				GCC_WARN_UNINITIALIZED_AUTOS = YES_AGGRESSIVE;
				GCC_WARN_UNUSED_FUNCTION = YES;
				GCC_WARN_UNUSED_VARIABLE = YES;
				IPHONEOS_DEPLOYMENT_TARGET = 13.0;
				MTL_ENABLE_DEBUG_INFO = NO;
				MTL_FAST_MATH = YES;
				SDKROOT = iphoneos;
				SWIFT_COMPILATION_MODE = wholemodule;
				SWIFT_OPTIMIZATION_LEVEL = "-O";
				VALIDATE_PRODUCT = YES;
			};
			name = Release;
		};
		8DC3C4D223465D7C00C359EC /* Debug */ = {
			isa = XCBuildConfiguration;
			buildSettings = {
				ASSETCATALOG_COMPILER_APPICON_NAME = AppIcon;
				CODE_SIGN_STYLE = Automatic;
				DEVELOPMENT_ASSET_PATHS = "\"SportsNews/Preview Content\"";
				ENABLE_PREVIEWS = YES;
				INFOPLIST_FILE = SportsNews/Info.plist;
				LD_RUNPATH_SEARCH_PATHS = (
					"$(inherited)",
					"@executable_path/Frameworks",
				);
				PRODUCT_BUNDLE_IDENTIFIER = jamesmili.SportsNews;
				PRODUCT_NAME = "$(TARGET_NAME)";
				SWIFT_VERSION = 5.0;
				TARGETED_DEVICE_FAMILY = "1,2";
			};
			name = Debug;
		};
		8DC3C4D323465D7C00C359EC /* Release */ = {
			isa = XCBuildConfiguration;
			buildSettings = {
				ASSETCATALOG_COMPILER_APPICON_NAME = AppIcon;
				CODE_SIGN_STYLE = Automatic;
				DEVELOPMENT_ASSET_PATHS = "\"SportsNews/Preview Content\"";
				ENABLE_PREVIEWS = YES;
				INFOPLIST_FILE = SportsNews/Info.plist;
				LD_RUNPATH_SEARCH_PATHS = (
					"$(inherited)",
					"@executable_path/Frameworks",
				);
				PRODUCT_BUNDLE_IDENTIFIER = jamesmili.SportsNews;
				PRODUCT_NAME = "$(TARGET_NAME)";
				SWIFT_VERSION = 5.0;
				TARGETED_DEVICE_FAMILY = "1,2";
			};
			name = Release;
		};
		8DC3C4D523465D7C00C359EC /* Debug */ = {
			isa = XCBuildConfiguration;
			buildSettings = {
				ALWAYS_EMBED_SWIFT_STANDARD_LIBRARIES = YES;
				BUNDLE_LOADER = "$(TEST_HOST)";
				CODE_SIGN_STYLE = Automatic;
				INFOPLIST_FILE = SportsNewsTests/Info.plist;
				IPHONEOS_DEPLOYMENT_TARGET = 13.0;
				LD_RUNPATH_SEARCH_PATHS = (
					"$(inherited)",
					"@executable_path/Frameworks",
					"@loader_path/Frameworks",
				);
				PRODUCT_BUNDLE_IDENTIFIER = jamesmili.SportsNewsTests;
				PRODUCT_NAME = "$(TARGET_NAME)";
				SWIFT_VERSION = 5.0;
				TARGETED_DEVICE_FAMILY = "1,2";
				TEST_HOST = "$(BUILT_PRODUCTS_DIR)/SportsNews.app/SportsNews";
			};
			name = Debug;
		};
		8DC3C4D623465D7C00C359EC /* Release */ = {
			isa = XCBuildConfiguration;
			buildSettings = {
				ALWAYS_EMBED_SWIFT_STANDARD_LIBRARIES = YES;
				BUNDLE_LOADER = "$(TEST_HOST)";
				CODE_SIGN_STYLE = Automatic;
				INFOPLIST_FILE = SportsNewsTests/Info.plist;
				IPHONEOS_DEPLOYMENT_TARGET = 13.0;
				LD_RUNPATH_SEARCH_PATHS = (
					"$(inherited)",
					"@executable_path/Frameworks",
					"@loader_path/Frameworks",
				);
				PRODUCT_BUNDLE_IDENTIFIER = jamesmili.SportsNewsTests;
				PRODUCT_NAME = "$(TARGET_NAME)";
				SWIFT_VERSION = 5.0;
				TARGETED_DEVICE_FAMILY = "1,2";
				TEST_HOST = "$(BUILT_PRODUCTS_DIR)/SportsNews.app/SportsNews";
			};
			name = Release;
		};
		8DC3C4D823465D7C00C359EC /* Debug */ = {
			isa = XCBuildConfiguration;
			buildSettings = {
				ALWAYS_EMBED_SWIFT_STANDARD_LIBRARIES = YES;
				CODE_SIGN_STYLE = Automatic;
				INFOPLIST_FILE = SportsNewsUITests/Info.plist;
				LD_RUNPATH_SEARCH_PATHS = (
					"$(inherited)",
					"@executable_path/Frameworks",
					"@loader_path/Frameworks",
				);
				PRODUCT_BUNDLE_IDENTIFIER = jamesmili.SportsNewsUITests;
				PRODUCT_NAME = "$(TARGET_NAME)";
				SWIFT_VERSION = 5.0;
				TARGETED_DEVICE_FAMILY = "1,2";
				TEST_TARGET_NAME = SportsNews;
			};
			name = Debug;
		};
		8DC3C4D923465D7C00C359EC /* Release */ = {
			isa = XCBuildConfiguration;
			buildSettings = {
				ALWAYS_EMBED_SWIFT_STANDARD_LIBRARIES = YES;
				CODE_SIGN_STYLE = Automatic;
				INFOPLIST_FILE = SportsNewsUITests/Info.plist;
				LD_RUNPATH_SEARCH_PATHS = (
					"$(inherited)",
					"@executable_path/Frameworks",
					"@loader_path/Frameworks",
				);
				PRODUCT_BUNDLE_IDENTIFIER = jamesmili.SportsNewsUITests;
				PRODUCT_NAME = "$(TARGET_NAME)";
				SWIFT_VERSION = 5.0;
				TARGETED_DEVICE_FAMILY = "1,2";
				TEST_TARGET_NAME = SportsNews;
			};
			name = Release;
		};
/* End XCBuildConfiguration section */

/* Begin XCConfigurationList section */
		8DC3C49F23465D7A00C359EC /* Build configuration list for PBXProject "SportsNews" */ = {
			isa = XCConfigurationList;
			buildConfigurations = (
				8DC3C4CF23465D7C00C359EC /* Debug */,
				8DC3C4D023465D7C00C359EC /* Release */,
			);
			defaultConfigurationIsVisible = 0;
			defaultConfigurationName = Release;
		};
		8DC3C4D123465D7C00C359EC /* Build configuration list for PBXNativeTarget "SportsNews" */ = {
			isa = XCConfigurationList;
			buildConfigurations = (
				8DC3C4D223465D7C00C359EC /* Debug */,
				8DC3C4D323465D7C00C359EC /* Release */,
			);
			defaultConfigurationIsVisible = 0;
			defaultConfigurationName = Release;
		};
		8DC3C4D423465D7C00C359EC /* Build configuration list for PBXNativeTarget "SportsNewsTests" */ = {
			isa = XCConfigurationList;
			buildConfigurations = (
				8DC3C4D523465D7C00C359EC /* Debug */,
				8DC3C4D623465D7C00C359EC /* Release */,
			);
			defaultConfigurationIsVisible = 0;
			defaultConfigurationName = Release;
		};
		8DC3C4D723465D7C00C359EC /* Build configuration list for PBXNativeTarget "SportsNewsUITests" */ = {
			isa = XCConfigurationList;
			buildConfigurations = (
				8DC3C4D823465D7C00C359EC /* Debug */,
				8DC3C4D923465D7C00C359EC /* Release */,
			);
			defaultConfigurationIsVisible = 0;
			defaultConfigurationName = Release;
		};
/* End XCConfigurationList section */

/* Begin XCVersionGroup section */
		8DC3C4AB23465D7A00C359EC /* SportsNews.xcdatamodeld */ = {
			isa = XCVersionGroup;
			children = (
				8DC3C4AC23465D7A00C359EC /* SportsNews.xcdatamodel */,
			);
			currentVersion = 8DC3C4AC23465D7A00C359EC /* SportsNews.xcdatamodel */;
			path = SportsNews.xcdatamodeld;
			sourceTree = "<group>";
			versionGroupType = wrapper.xcdatamodel;
		};
/* End XCVersionGroup section */
	};
	rootObject = 8DC3C49C23465D7A00C359EC /* Project object */;
}
